
Microsoft Visual Studio Solution File, Format Version 12.00
# Visual Studio Version 17
VisualStudioVersion = 17.4.33403.182
MinimumVisualStudioVersion = 10.0.40219.1
Project("{FAE04EC0-301F-11D3-BF4B-00C04F79EFBC}") = "ExceptionPolymorphismApp", "ExceptionPolymorphismApp.csproj", "{7FB29C7E-317C-471B-ABB3-29DCFDF60A69}"
EndProject
Global
	GlobalSection(SolutionConfigurationPlatforms) = preSolution
		Debug|Any CPU = Debug|Any CPU
		Release|Any CPU = Release|Any CPU
	EndGlobalSection
	GlobalSection(ProjectConfigurationPlatforms) = postSolution
		{7FB29C7E-317C-471B-ABB3-29DCFDF60A69}.Debug|Any CPU.ActiveCfg = Debug|Any CPU
		{7FB29C7E-317C-471B-ABB3-29DCFDF60A69}.Debug|Any CPU.Build.0 = Debug|Any CPU
		{7FB29C7E-317C-471B-ABB3-29DCFDF60A69}.Release|Any CPU.ActiveCfg = Release|Any CPU
		{7FB29C7E-317C-471B-ABB3-29DCFDF60A69}.Release|Any CPU.Build.0 = Release|Any CPU
	EndGlobalSection
	GlobalSection(SolutionProperties) = preSolution
		HideSolutionNode = FALSE
	EndGlobalSection
	GlobalSection(ExtensibilityGlobals) = postSolution
		SolutionGuid = {06DA70E0-8306-4A73-B369-5BBACA436BD3}
	EndGlobalSection
EndGlobal
