
Microsoft Visual Studio Solution File, Format Version 12.00
# Visual Studio Version 17
VisualStudioVersion = 17.4.33403.182
MinimumVisualStudioVersion = 10.0.40219.1
Project("{FAE04EC0-301F-11D3-BF4B-00C04F79EFBC}") = "DynamicArrayApp", "DynamicArrayApp.csproj", "{7DD73108-D2C8-444F-BBBA-583DCF9A1ED4}"
EndProject
Global
	GlobalSection(SolutionConfigurationPlatforms) = preSolution
		Debug|Any CPU = Debug|Any CPU
		Release|Any CPU = Release|Any CPU
	EndGlobalSection
	GlobalSection(ProjectConfigurationPlatforms) = postSolution
		{7DD73108-D2C8-444F-BBBA-583DCF9A1ED4}.Debug|Any CPU.ActiveCfg = Debug|Any CPU
		{7DD73108-D2C8-444F-BBBA-583DCF9A1ED4}.Debug|Any CPU.Build.0 = Debug|Any CPU
		{7DD73108-D2C8-444F-BBBA-583DCF9A1ED4}.Release|Any CPU.ActiveCfg = Release|Any CPU
		{7DD73108-D2C8-444F-BBBA-583DCF9A1ED4}.Release|Any CPU.Build.0 = Release|Any CPU
	EndGlobalSection
	GlobalSection(SolutionProperties) = preSolution
		HideSolutionNode = FALSE
	EndGlobalSection
	GlobalSection(ExtensibilityGlobals) = postSolution
		SolutionGuid = {4732172C-53E9-4D51-96CC-89F6654C8DE2}
	EndGlobalSection
EndGlobal
