
Microsoft Visual Studio Solution File, Format Version 12.00
# Visual Studio Version 17
VisualStudioVersion = 17.4.33403.182
MinimumVisualStudioVersion = 10.0.40219.1
Project("{FAE04EC0-301F-11D3-BF4B-00C04F79EFBC}") = "ActionFuncApp", "ActionFuncApp\ActionFuncApp.csproj", "{5E754683-0302-4CA2-8401-C9C40F99CBD9}"
EndProject
Global
	GlobalSection(SolutionConfigurationPlatforms) = preSolution
		Debug|Any CPU = Debug|Any CPU
		Release|Any CPU = Release|Any CPU
	EndGlobalSection
	GlobalSection(ProjectConfigurationPlatforms) = postSolution
		{5E754683-0302-4CA2-8401-C9C40F99CBD9}.Debug|Any CPU.ActiveCfg = Debug|Any CPU
		{5E754683-0302-4CA2-8401-C9C40F99CBD9}.Debug|Any CPU.Build.0 = Debug|Any CPU
		{5E754683-0302-4CA2-8401-C9C40F99CBD9}.Release|Any CPU.ActiveCfg = Release|Any CPU
		{5E754683-0302-4CA2-8401-C9C40F99CBD9}.Release|Any CPU.Build.0 = Release|Any CPU
	EndGlobalSection
	GlobalSection(SolutionProperties) = preSolution
		HideSolutionNode = FALSE
	EndGlobalSection
	GlobalSection(ExtensibilityGlobals) = postSolution
		SolutionGuid = {0FA2E445-E608-429A-9923-45A370E4C3B0}
	EndGlobalSection
EndGlobal
