
Microsoft Visual Studio Solution File, Format Version 12.00
# Visual Studio Version 17
VisualStudioVersion = 17.4.33403.182
MinimumVisualStudioVersion = 10.0.40219.1
Project("{FAE04EC0-301F-11D3-BF4B-00C04F79EFBC}") = "MovieStoreApp", "MovieStoreApp.csproj", "{041C558B-24ED-4D09-B834-517458D447AD}"
EndProject
Global
	GlobalSection(SolutionConfigurationPlatforms) = preSolution
		Debug|Any CPU = Debug|Any CPU
		Release|Any CPU = Release|Any CPU
	EndGlobalSection
	GlobalSection(ProjectConfigurationPlatforms) = postSolution
		{041C558B-24ED-4D09-B834-517458D447AD}.Debug|Any CPU.ActiveCfg = Debug|Any CPU
		{041C558B-24ED-4D09-B834-517458D447AD}.Debug|Any CPU.Build.0 = Debug|Any CPU
		{041C558B-24ED-4D09-B834-517458D447AD}.Release|Any CPU.ActiveCfg = Release|Any CPU
		{041C558B-24ED-4D09-B834-517458D447AD}.Release|Any CPU.Build.0 = Release|Any CPU
	EndGlobalSection
	GlobalSection(SolutionProperties) = preSolution
		HideSolutionNode = FALSE
	EndGlobalSection
	GlobalSection(ExtensibilityGlobals) = postSolution
		SolutionGuid = {79E0CF5B-4E82-4551-BFC9-B256F30E423E}
	EndGlobalSection
EndGlobal
