
Microsoft Visual Studio Solution File, Format Version 12.00
# Visual Studio Version 17
VisualStudioVersion = 17.4.33403.182
MinimumVisualStudioVersion = 10.0.40219.1
Project("{FAE04EC0-301F-11D3-BF4B-00C04F79EFBC}") = "AccountEventRefactor", "AccountEventRefactor\AccountEventRefactor.csproj", "{C99D0038-07AB-4966-AD1A-3AEA2068FE82}"
EndProject
Global
	GlobalSection(SolutionConfigurationPlatforms) = preSolution
		Debug|Any CPU = Debug|Any CPU
		Release|Any CPU = Release|Any CPU
	EndGlobalSection
	GlobalSection(ProjectConfigurationPlatforms) = postSolution
		{C99D0038-07AB-4966-AD1A-3AEA2068FE82}.Debug|Any CPU.ActiveCfg = Debug|Any CPU
		{C99D0038-07AB-4966-AD1A-3AEA2068FE82}.Debug|Any CPU.Build.0 = Debug|Any CPU
		{C99D0038-07AB-4966-AD1A-3AEA2068FE82}.Release|Any CPU.ActiveCfg = Release|Any CPU
		{C99D0038-07AB-4966-AD1A-3AEA2068FE82}.Release|Any CPU.Build.0 = Release|Any CPU
	EndGlobalSection
	GlobalSection(SolutionProperties) = preSolution
		HideSolutionNode = FALSE
	EndGlobalSection
	GlobalSection(ExtensibilityGlobals) = postSolution
		SolutionGuid = {88D3E3DA-8233-4F1A-BDE7-6A900B84A3B6}
	EndGlobalSection
EndGlobal
