
Microsoft Visual Studio Solution File, Format Version 12.00
# Visual Studio Version 17
VisualStudioVersion = 17.5.33502.453
MinimumVisualStudioVersion = 10.0.40219.1
Project("{FAE04EC0-301F-11D3-BF4B-00C04F79EFBC}") = "ReflectionPocApp", "ReflectionPocApp.csproj", "{DB6835BA-617F-421D-BCC4-32E6F537710E}"
EndProject
Global
	GlobalSection(SolutionConfigurationPlatforms) = preSolution
		Debug|Any CPU = Debug|Any CPU
		Release|Any CPU = Release|Any CPU
	EndGlobalSection
	GlobalSection(ProjectConfigurationPlatforms) = postSolution
		{DB6835BA-617F-421D-BCC4-32E6F537710E}.Debug|Any CPU.ActiveCfg = Debug|Any CPU
		{DB6835BA-617F-421D-BCC4-32E6F537710E}.Debug|Any CPU.Build.0 = Debug|Any CPU
		{DB6835BA-617F-421D-BCC4-32E6F537710E}.Release|Any CPU.ActiveCfg = Release|Any CPU
		{DB6835BA-617F-421D-BCC4-32E6F537710E}.Release|Any CPU.Build.0 = Release|Any CPU
	EndGlobalSection
	GlobalSection(SolutionProperties) = preSolution
		HideSolutionNode = FALSE
	EndGlobalSection
	GlobalSection(ExtensibilityGlobals) = postSolution
		SolutionGuid = {493D3E8F-E15C-432F-8FB2-FF254C40E1CA}
	EndGlobalSection
EndGlobal
