
Microsoft Visual Studio Solution File, Format Version 12.00
# Visual Studio Version 17
VisualStudioVersion = 17.4.33403.182
MinimumVisualStudioVersion = 10.0.40219.1
Project("{FAE04EC0-301F-11D3-BF4B-00C04F79EFBC}") = "CalcExceptionApp", "CalcExceptionApp.csproj", "{9000BD16-4759-41EB-BD6F-0F4060CB07C1}"
EndProject
Global
	GlobalSection(SolutionConfigurationPlatforms) = preSolution
		Debug|Any CPU = Debug|Any CPU
		Release|Any CPU = Release|Any CPU
	EndGlobalSection
	GlobalSection(ProjectConfigurationPlatforms) = postSolution
		{9000BD16-4759-41EB-BD6F-0F4060CB07C1}.Debug|Any CPU.ActiveCfg = Debug|Any CPU
		{9000BD16-4759-41EB-BD6F-0F4060CB07C1}.Debug|Any CPU.Build.0 = Debug|Any CPU
		{9000BD16-4759-41EB-BD6F-0F4060CB07C1}.Release|Any CPU.ActiveCfg = Release|Any CPU
		{9000BD16-4759-41EB-BD6F-0F4060CB07C1}.Release|Any CPU.Build.0 = Release|Any CPU
	EndGlobalSection
	GlobalSection(SolutionProperties) = preSolution
		HideSolutionNode = FALSE
	EndGlobalSection
	GlobalSection(ExtensibilityGlobals) = postSolution
		SolutionGuid = {ABEF1204-E744-44DA-BF4F-8149B4718D79}
	EndGlobalSection
EndGlobal
