
Microsoft Visual Studio Solution File, Format Version 12.00
# Visual Studio Version 17
VisualStudioVersion = 17.4.33403.182
MinimumVisualStudioVersion = 10.0.40219.1
Project("{FAE04EC0-301F-11D3-BF4B-00C04F79EFBC}") = "AttributeApp", "AttributeApp.csproj", "{B010909D-4B9E-4B83-A457-14745DD5B79E}"
EndProject
Global
	GlobalSection(SolutionConfigurationPlatforms) = preSolution
		Debug|Any CPU = Debug|Any CPU
		Release|Any CPU = Release|Any CPU
	EndGlobalSection
	GlobalSection(ProjectConfigurationPlatforms) = postSolution
		{B010909D-4B9E-4B83-A457-14745DD5B79E}.Debug|Any CPU.ActiveCfg = Debug|Any CPU
		{B010909D-4B9E-4B83-A457-14745DD5B79E}.Debug|Any CPU.Build.0 = Debug|Any CPU
		{B010909D-4B9E-4B83-A457-14745DD5B79E}.Release|Any CPU.ActiveCfg = Release|Any CPU
		{B010909D-4B9E-4B83-A457-14745DD5B79E}.Release|Any CPU.Build.0 = Release|Any CPU
	EndGlobalSection
	GlobalSection(SolutionProperties) = preSolution
		HideSolutionNode = FALSE
	EndGlobalSection
	GlobalSection(ExtensibilityGlobals) = postSolution
		SolutionGuid = {869CD977-8867-48F5-8455-1D6EC9B6F87D}
	EndGlobalSection
EndGlobal
