
Microsoft Visual Studio Solution File, Format Version 12.00
# Visual Studio Version 17
VisualStudioVersion = 17.4.33403.182
MinimumVisualStudioVersion = 10.0.40219.1
Project("{FAE04EC0-301F-11D3-BF4B-00C04F79EFBC}") = "GenericDynamicArrayApp", "GenericDynamicArrayApp.csproj", "{7E619A4B-6846-475F-BF8C-C2B1F8245CF0}"
EndProject
Global
	GlobalSection(SolutionConfigurationPlatforms) = preSolution
		Debug|Any CPU = Debug|Any CPU
		Release|Any CPU = Release|Any CPU
	EndGlobalSection
	GlobalSection(ProjectConfigurationPlatforms) = postSolution
		{7E619A4B-6846-475F-BF8C-C2B1F8245CF0}.Debug|Any CPU.ActiveCfg = Debug|Any CPU
		{7E619A4B-6846-475F-BF8C-C2B1F8245CF0}.Debug|Any CPU.Build.0 = Debug|Any CPU
		{7E619A4B-6846-475F-BF8C-C2B1F8245CF0}.Release|Any CPU.ActiveCfg = Release|Any CPU
		{7E619A4B-6846-475F-BF8C-C2B1F8245CF0}.Release|Any CPU.Build.0 = Release|Any CPU
	EndGlobalSection
	GlobalSection(SolutionProperties) = preSolution
		HideSolutionNode = FALSE
	EndGlobalSection
	GlobalSection(ExtensibilityGlobals) = postSolution
		SolutionGuid = {392A7352-23CE-4B13-9011-A4B4F879201D}
	EndGlobalSection
EndGlobal
