
Microsoft Visual Studio Solution File, Format Version 12.00
# Visual Studio Version 17
VisualStudioVersion = 17.4.33403.182
MinimumVisualStudioVersion = 10.0.40219.1
Project("{FAE04EC0-301F-11D3-BF4B-00C04F79EFBC}") = "AccountPolymorphismApp", "AccountPolymorphismApp.csproj", "{C245B7EB-8239-413B-A75B-ADCF837AE008}"
EndProject
Global
	GlobalSection(SolutionConfigurationPlatforms) = preSolution
		Debug|Any CPU = Debug|Any CPU
		Release|Any CPU = Release|Any CPU
	EndGlobalSection
	GlobalSection(ProjectConfigurationPlatforms) = postSolution
		{C245B7EB-8239-413B-A75B-ADCF837AE008}.Debug|Any CPU.ActiveCfg = Debug|Any CPU
		{C245B7EB-8239-413B-A75B-ADCF837AE008}.Debug|Any CPU.Build.0 = Debug|Any CPU
		{C245B7EB-8239-413B-A75B-ADCF837AE008}.Release|Any CPU.ActiveCfg = Release|Any CPU
		{C245B7EB-8239-413B-A75B-ADCF837AE008}.Release|Any CPU.Build.0 = Release|Any CPU
	EndGlobalSection
	GlobalSection(SolutionProperties) = preSolution
		HideSolutionNode = FALSE
	EndGlobalSection
	GlobalSection(ExtensibilityGlobals) = postSolution
		SolutionGuid = {6C5057B3-E2A4-4158-8E65-275C6F6FB551}
	EndGlobalSection
EndGlobal
