
Microsoft Visual Studio Solution File, Format Version 12.00
# Visual Studio Version 17
VisualStudioVersion = 17.4.33403.182
MinimumVisualStudioVersion = 10.0.40219.1
Project("{FAE04EC0-301F-11D3-BF4B-00C04F79EFBC}") = "CompositeDesignPattern", "CompositeDesignPattern\CompositeDesignPattern.csproj", "{B589CC2F-7D63-4A61-A064-F5780FD8CC1F}"
EndProject
Global
	GlobalSection(SolutionConfigurationPlatforms) = preSolution
		Debug|Any CPU = Debug|Any CPU
		Release|Any CPU = Release|Any CPU
	EndGlobalSection
	GlobalSection(ProjectConfigurationPlatforms) = postSolution
		{B589CC2F-7D63-4A61-A064-F5780FD8CC1F}.Debug|Any CPU.ActiveCfg = Debug|Any CPU
		{B589CC2F-7D63-4A61-A064-F5780FD8CC1F}.Debug|Any CPU.Build.0 = Debug|Any CPU
		{B589CC2F-7D63-4A61-A064-F5780FD8CC1F}.Release|Any CPU.ActiveCfg = Release|Any CPU
		{B589CC2F-7D63-4A61-A064-F5780FD8CC1F}.Release|Any CPU.Build.0 = Release|Any CPU
	EndGlobalSection
	GlobalSection(SolutionProperties) = preSolution
		HideSolutionNode = FALSE
	EndGlobalSection
	GlobalSection(ExtensibilityGlobals) = postSolution
		SolutionGuid = {3BB281A2-3226-4E46-BFD1-0BECC6B24D47}
	EndGlobalSection
EndGlobal
