
Microsoft Visual Studio Solution File, Format Version 12.00
# Visual Studio Version 17
VisualStudioVersion = 17.4.33403.182
MinimumVisualStudioVersion = 10.0.40219.1
Project("{FAE04EC0-301F-11D3-BF4B-00C04F79EFBC}") = "EmployeePolymorphism", "EmployeePolymorphism.csproj", "{AA307AFD-9BF2-454C-8977-AC8AA1C8B6E6}"
EndProject
Global
	GlobalSection(SolutionConfigurationPlatforms) = preSolution
		Debug|Any CPU = Debug|Any CPU
		Release|Any CPU = Release|Any CPU
	EndGlobalSection
	GlobalSection(ProjectConfigurationPlatforms) = postSolution
		{AA307AFD-9BF2-454C-8977-AC8AA1C8B6E6}.Debug|Any CPU.ActiveCfg = Debug|Any CPU
		{AA307AFD-9BF2-454C-8977-AC8AA1C8B6E6}.Debug|Any CPU.Build.0 = Debug|Any CPU
		{AA307AFD-9BF2-454C-8977-AC8AA1C8B6E6}.Release|Any CPU.ActiveCfg = Release|Any CPU
		{AA307AFD-9BF2-454C-8977-AC8AA1C8B6E6}.Release|Any CPU.Build.0 = Release|Any CPU
	EndGlobalSection
	GlobalSection(SolutionProperties) = preSolution
		HideSolutionNode = FALSE
	EndGlobalSection
	GlobalSection(ExtensibilityGlobals) = postSolution
		SolutionGuid = {38FCC122-C294-47FE-AFE1-154E3C7BC210}
	EndGlobalSection
EndGlobal
