
Microsoft Visual Studio Solution File, Format Version 12.00
# Visual Studio Version 17
VisualStudioVersion = 17.4.33403.182
MinimumVisualStudioVersion = 10.0.40219.1
Project("{FAE04EC0-301F-11D3-BF4B-00C04F79EFBC}") = "RectangleApp", "RectangleApp.csproj", "{2B089205-7752-47CF-9480-F3BDF5ACCB9A}"
EndProject
Global
	GlobalSection(SolutionConfigurationPlatforms) = preSolution
		Debug|Any CPU = Debug|Any CPU
		Release|Any CPU = Release|Any CPU
	EndGlobalSection
	GlobalSection(ProjectConfigurationPlatforms) = postSolution
		{2B089205-7752-47CF-9480-F3BDF5ACCB9A}.Debug|Any CPU.ActiveCfg = Debug|Any CPU
		{2B089205-7752-47CF-9480-F3BDF5ACCB9A}.Debug|Any CPU.Build.0 = Debug|Any CPU
		{2B089205-7752-47CF-9480-F3BDF5ACCB9A}.Release|Any CPU.ActiveCfg = Release|Any CPU
		{2B089205-7752-47CF-9480-F3BDF5ACCB9A}.Release|Any CPU.Build.0 = Release|Any CPU
	EndGlobalSection
	GlobalSection(SolutionProperties) = preSolution
		HideSolutionNode = FALSE
	EndGlobalSection
	GlobalSection(ExtensibilityGlobals) = postSolution
		SolutionGuid = {788111ED-FDC3-4058-853C-4E8416DAAFCE}
	EndGlobalSection
EndGlobal
