
Microsoft Visual Studio Solution File, Format Version 12.00
# Visual Studio Version 17
VisualStudioVersion = 17.4.33403.182
MinimumVisualStudioVersion = 10.0.40219.1
Project("{FAE04EC0-301F-11D3-BF4B-00C04F79EFBC}") = "DelegateApp", "DelegateApp\DelegateApp.csproj", "{88710CDA-A8D6-4239-B7FF-67E66CE77B79}"
EndProject
Global
	GlobalSection(SolutionConfigurationPlatforms) = preSolution
		Debug|Any CPU = Debug|Any CPU
		Release|Any CPU = Release|Any CPU
	EndGlobalSection
	GlobalSection(ProjectConfigurationPlatforms) = postSolution
		{88710CDA-A8D6-4239-B7FF-67E66CE77B79}.Debug|Any CPU.ActiveCfg = Debug|Any CPU
		{88710CDA-A8D6-4239-B7FF-67E66CE77B79}.Debug|Any CPU.Build.0 = Debug|Any CPU
		{88710CDA-A8D6-4239-B7FF-67E66CE77B79}.Release|Any CPU.ActiveCfg = Release|Any CPU
		{88710CDA-A8D6-4239-B7FF-67E66CE77B79}.Release|Any CPU.Build.0 = Release|Any CPU
	EndGlobalSection
	GlobalSection(SolutionProperties) = preSolution
		HideSolutionNode = FALSE
	EndGlobalSection
	GlobalSection(ExtensibilityGlobals) = postSolution
		SolutionGuid = {486C0503-B6EC-4F02-8221-968B1E3D210B}
	EndGlobalSection
EndGlobal
