
Microsoft Visual Studio Solution File, Format Version 12.00
# Visual Studio Version 17
VisualStudioVersion = 17.4.33403.182
MinimumVisualStudioVersion = 10.0.40219.1
Project("{FAE04EC0-301F-11D3-BF4B-00C04F79EFBC}") = "HumanLib", "HumanLib\HumanLib.csproj", "{2DF6AC89-5F18-479D-8C96-1886763EA11B}"
EndProject
Project("{FAE04EC0-301F-11D3-BF4B-00C04F79EFBC}") = "HumanSerializationApp", "HumanSerializationApp\HumanSerializationApp.csproj", "{130BE201-823F-476A-B445-2A0DD1ED7129}"
EndProject
Project("{FAE04EC0-301F-11D3-BF4B-00C04F79EFBC}") = "HumanDeserializationApp", "HumanDeserializationApp\HumanDeserializationApp.csproj", "{813BA1E3-2EEC-4C92-BC83-46DFED690973}"
EndProject
Global
	GlobalSection(SolutionConfigurationPlatforms) = preSolution
		Debug|Any CPU = Debug|Any CPU
		Release|Any CPU = Release|Any CPU
	EndGlobalSection
	GlobalSection(ProjectConfigurationPlatforms) = postSolution
		{2DF6AC89-5F18-479D-8C96-1886763EA11B}.Debug|Any CPU.ActiveCfg = Debug|Any CPU
		{2DF6AC89-5F18-479D-8C96-1886763EA11B}.Debug|Any CPU.Build.0 = Debug|Any CPU
		{2DF6AC89-5F18-479D-8C96-1886763EA11B}.Release|Any CPU.ActiveCfg = Release|Any CPU
		{2DF6AC89-5F18-479D-8C96-1886763EA11B}.Release|Any CPU.Build.0 = Release|Any CPU
		{130BE201-823F-476A-B445-2A0DD1ED7129}.Debug|Any CPU.ActiveCfg = Debug|Any CPU
		{130BE201-823F-476A-B445-2A0DD1ED7129}.Debug|Any CPU.Build.0 = Debug|Any CPU
		{130BE201-823F-476A-B445-2A0DD1ED7129}.Release|Any CPU.ActiveCfg = Release|Any CPU
		{130BE201-823F-476A-B445-2A0DD1ED7129}.Release|Any CPU.Build.0 = Release|Any CPU
		{813BA1E3-2EEC-4C92-BC83-46DFED690973}.Debug|Any CPU.ActiveCfg = Debug|Any CPU
		{813BA1E3-2EEC-4C92-BC83-46DFED690973}.Debug|Any CPU.Build.0 = Debug|Any CPU
		{813BA1E3-2EEC-4C92-BC83-46DFED690973}.Release|Any CPU.ActiveCfg = Release|Any CPU
		{813BA1E3-2EEC-4C92-BC83-46DFED690973}.Release|Any CPU.Build.0 = Release|Any CPU
	EndGlobalSection
	GlobalSection(SolutionProperties) = preSolution
		HideSolutionNode = FALSE
	EndGlobalSection
	GlobalSection(ExtensibilityGlobals) = postSolution
		SolutionGuid = {714A4FA4-F0DA-4D9F-BF62-14CFAD0D745D}
	EndGlobalSection
EndGlobal
