
Microsoft Visual Studio Solution File, Format Version 12.00
# Visual Studio Version 17
VisualStudioVersion = 17.4.33403.182
MinimumVisualStudioVersion = 10.0.40219.1
Project("{FAE04EC0-301F-11D3-BF4B-00C04F79EFBC}") = "SimpleInterfaceApp", "SimpleInterfaceApp.csproj", "{474D36C6-6A19-43B8-BD2F-3A5BF4B22C08}"
EndProject
Global
	GlobalSection(SolutionConfigurationPlatforms) = preSolution
		Debug|Any CPU = Debug|Any CPU
		Release|Any CPU = Release|Any CPU
	EndGlobalSection
	GlobalSection(ProjectConfigurationPlatforms) = postSolution
		{474D36C6-6A19-43B8-BD2F-3A5BF4B22C08}.Debug|Any CPU.ActiveCfg = Debug|Any CPU
		{474D36C6-6A19-43B8-BD2F-3A5BF4B22C08}.Debug|Any CPU.Build.0 = Debug|Any CPU
		{474D36C6-6A19-43B8-BD2F-3A5BF4B22C08}.Release|Any CPU.ActiveCfg = Release|Any CPU
		{474D36C6-6A19-43B8-BD2F-3A5BF4B22C08}.Release|Any CPU.Build.0 = Release|Any CPU
	EndGlobalSection
	GlobalSection(SolutionProperties) = preSolution
		HideSolutionNode = FALSE
	EndGlobalSection
	GlobalSection(ExtensibilityGlobals) = postSolution
		SolutionGuid = {E0B79BDC-FB46-4D44-A505-A9BABAD73E6E}
	EndGlobalSection
EndGlobal
