
Microsoft Visual Studio Solution File, Format Version 12.00
# Visual Studio Version 17
VisualStudioVersion = 17.5.33502.453
MinimumVisualStudioVersion = 10.0.40219.1
Project("{9A19103F-16F7-4668-BE54-9A1E7A4F7556}") = "OCPViolationApp", "OCPViolationApp\OCPViolationApp.csproj", "{6895FB44-27EE-435A-A1DA-76A1486EB4FC}"
EndProject
Project("{FAE04EC0-301F-11D3-BF4B-00C04F79EFBC}") = "FixDepositCoreLib", "FixDepositCoreLib\FixDepositCoreLib.csproj", "{78A350ED-0147-4017-848A-8FAFB697623A}"
EndProject
Project("{FAE04EC0-301F-11D3-BF4B-00C04F79EFBC}") = "AxisBankFDApp", "AxisBankFDApp\AxisBankFDApp.csproj", "{01E3A7FD-E356-4323-87EE-25E1EC4A5AA9}"
EndProject
Project("{FAE04EC0-301F-11D3-BF4B-00C04F79EFBC}") = "HDFCBankFDApp", "HDFCBankFDApp\HDFCBankFDApp.csproj", "{408A1B38-CBE7-4783-91A9-C26C8838DA0B}"
EndProject
Global
	GlobalSection(SolutionConfigurationPlatforms) = preSolution
		Debug|Any CPU = Debug|Any CPU
		Release|Any CPU = Release|Any CPU
	EndGlobalSection
	GlobalSection(ProjectConfigurationPlatforms) = postSolution
		{6895FB44-27EE-435A-A1DA-76A1486EB4FC}.Debug|Any CPU.ActiveCfg = Debug|Any CPU
		{6895FB44-27EE-435A-A1DA-76A1486EB4FC}.Debug|Any CPU.Build.0 = Debug|Any CPU
		{6895FB44-27EE-435A-A1DA-76A1486EB4FC}.Release|Any CPU.ActiveCfg = Release|Any CPU
		{6895FB44-27EE-435A-A1DA-76A1486EB4FC}.Release|Any CPU.Build.0 = Release|Any CPU
		{78A350ED-0147-4017-848A-8FAFB697623A}.Debug|Any CPU.ActiveCfg = Debug|Any CPU
		{78A350ED-0147-4017-848A-8FAFB697623A}.Debug|Any CPU.Build.0 = Debug|Any CPU
		{78A350ED-0147-4017-848A-8FAFB697623A}.Release|Any CPU.ActiveCfg = Release|Any CPU
		{78A350ED-0147-4017-848A-8FAFB697623A}.Release|Any CPU.Build.0 = Release|Any CPU
		{01E3A7FD-E356-4323-87EE-25E1EC4A5AA9}.Debug|Any CPU.ActiveCfg = Debug|Any CPU
		{01E3A7FD-E356-4323-87EE-25E1EC4A5AA9}.Debug|Any CPU.Build.0 = Debug|Any CPU
		{01E3A7FD-E356-4323-87EE-25E1EC4A5AA9}.Release|Any CPU.ActiveCfg = Release|Any CPU
		{01E3A7FD-E356-4323-87EE-25E1EC4A5AA9}.Release|Any CPU.Build.0 = Release|Any CPU
		{408A1B38-CBE7-4783-91A9-C26C8838DA0B}.Debug|Any CPU.ActiveCfg = Debug|Any CPU
		{408A1B38-CBE7-4783-91A9-C26C8838DA0B}.Debug|Any CPU.Build.0 = Debug|Any CPU
		{408A1B38-CBE7-4783-91A9-C26C8838DA0B}.Release|Any CPU.ActiveCfg = Release|Any CPU
		{408A1B38-CBE7-4783-91A9-C26C8838DA0B}.Release|Any CPU.Build.0 = Release|Any CPU
	EndGlobalSection
	GlobalSection(SolutionProperties) = preSolution
		HideSolutionNode = FALSE
	EndGlobalSection
	GlobalSection(ExtensibilityGlobals) = postSolution
		SolutionGuid = {EB3D34CF-F96B-4FF8-9392-7DB0CBA1129C}
	EndGlobalSection
EndGlobal
