
Microsoft Visual Studio Solution File, Format Version 12.00
# Visual Studio Version 17
VisualStudioVersion = 17.5.33502.453
MinimumVisualStudioVersion = 10.0.40219.1
Project("{FAE04EC0-301F-11D3-BF4B-00C04F79EFBC}") = "RectangleUnitTestApp", "RectangleUnitTestApp.csproj", "{064991DD-7625-475B-82F2-DB7D88C4BED8}"
EndProject
Global
	GlobalSection(SolutionConfigurationPlatforms) = preSolution
		Debug|Any CPU = Debug|Any CPU
		Release|Any CPU = Release|Any CPU
	EndGlobalSection
	GlobalSection(ProjectConfigurationPlatforms) = postSolution
		{064991DD-7625-475B-82F2-DB7D88C4BED8}.Debug|Any CPU.ActiveCfg = Debug|Any CPU
		{064991DD-7625-475B-82F2-DB7D88C4BED8}.Debug|Any CPU.Build.0 = Debug|Any CPU
		{064991DD-7625-475B-82F2-DB7D88C4BED8}.Release|Any CPU.ActiveCfg = Release|Any CPU
		{064991DD-7625-475B-82F2-DB7D88C4BED8}.Release|Any CPU.Build.0 = Release|Any CPU
	EndGlobalSection
	GlobalSection(SolutionProperties) = preSolution
		HideSolutionNode = FALSE
	EndGlobalSection
	GlobalSection(ExtensibilityGlobals) = postSolution
		SolutionGuid = {272E77AE-6C46-4038-9B6D-91DF1459BFAE}
	EndGlobalSection
EndGlobal
