
Microsoft Visual Studio Solution File, Format Version 12.00
# Visual Studio Version 17
VisualStudioVersion = 17.4.33403.182
MinimumVisualStudioVersion = 10.0.40219.1
Project("{FAE04EC0-301F-11D3-BF4B-00C04F79EFBC}") = "BasicsStatsApp", "BasicsStatsApp.csproj", "{903D0D75-9358-402D-B273-5CCD0CEA3BDD}"
EndProject
Global
	GlobalSection(SolutionConfigurationPlatforms) = preSolution
		Debug|Any CPU = Debug|Any CPU
		Release|Any CPU = Release|Any CPU
	EndGlobalSection
	GlobalSection(ProjectConfigurationPlatforms) = postSolution
		{903D0D75-9358-402D-B273-5CCD0CEA3BDD}.Debug|Any CPU.ActiveCfg = Debug|Any CPU
		{903D0D75-9358-402D-B273-5CCD0CEA3BDD}.Debug|Any CPU.Build.0 = Debug|Any CPU
		{903D0D75-9358-402D-B273-5CCD0CEA3BDD}.Release|Any CPU.ActiveCfg = Release|Any CPU
		{903D0D75-9358-402D-B273-5CCD0CEA3BDD}.Release|Any CPU.Build.0 = Release|Any CPU
	EndGlobalSection
	GlobalSection(SolutionProperties) = preSolution
		HideSolutionNode = FALSE
	EndGlobalSection
	GlobalSection(ExtensibilityGlobals) = postSolution
		SolutionGuid = {E86F20E7-F651-4F4F-B832-B70F7B506943}
	EndGlobalSection
EndGlobal
