
Microsoft Visual Studio Solution File, Format Version 12.00
# Visual Studio Version 17
VisualStudioVersion = 17.4.33403.182
MinimumVisualStudioVersion = 10.0.40219.1
Project("{FAE04EC0-301F-11D3-BF4B-00C04F79EFBC}") = "ExceptionsPropogationApp", "ExceptionsPropogationApp.csproj", "{30285D4C-3041-445B-8DA4-E5577F4091A5}"
EndProject
Global
	GlobalSection(SolutionConfigurationPlatforms) = preSolution
		Debug|Any CPU = Debug|Any CPU
		Release|Any CPU = Release|Any CPU
	EndGlobalSection
	GlobalSection(ProjectConfigurationPlatforms) = postSolution
		{30285D4C-3041-445B-8DA4-E5577F4091A5}.Debug|Any CPU.ActiveCfg = Debug|Any CPU
		{30285D4C-3041-445B-8DA4-E5577F4091A5}.Debug|Any CPU.Build.0 = Debug|Any CPU
		{30285D4C-3041-445B-8DA4-E5577F4091A5}.Release|Any CPU.ActiveCfg = Release|Any CPU
		{30285D4C-3041-445B-8DA4-E5577F4091A5}.Release|Any CPU.Build.0 = Release|Any CPU
	EndGlobalSection
	GlobalSection(SolutionProperties) = preSolution
		HideSolutionNode = FALSE
	EndGlobalSection
	GlobalSection(ExtensibilityGlobals) = postSolution
		SolutionGuid = {C8FD578C-D6A4-4870-8F65-DA2D0C123D6B}
	EndGlobalSection
EndGlobal
