
Microsoft Visual Studio Solution File, Format Version 12.00
# Visual Studio Version 17
VisualStudioVersion = 17.5.33502.453
MinimumVisualStudioVersion = 10.0.40219.1
Project("{FAE04EC0-301F-11D3-BF4B-00C04F79EFBC}") = "CustomAttributeApp", "CustomAttributeApp.csproj", "{61C8CC81-3F84-4D4D-9A4A-2665FD0A44CB}"
EndProject
Global
	GlobalSection(SolutionConfigurationPlatforms) = preSolution
		Debug|Any CPU = Debug|Any CPU
		Release|Any CPU = Release|Any CPU
	EndGlobalSection
	GlobalSection(ProjectConfigurationPlatforms) = postSolution
		{61C8CC81-3F84-4D4D-9A4A-2665FD0A44CB}.Debug|Any CPU.ActiveCfg = Debug|Any CPU
		{61C8CC81-3F84-4D4D-9A4A-2665FD0A44CB}.Debug|Any CPU.Build.0 = Debug|Any CPU
		{61C8CC81-3F84-4D4D-9A4A-2665FD0A44CB}.Release|Any CPU.ActiveCfg = Release|Any CPU
		{61C8CC81-3F84-4D4D-9A4A-2665FD0A44CB}.Release|Any CPU.Build.0 = Release|Any CPU
	EndGlobalSection
	GlobalSection(SolutionProperties) = preSolution
		HideSolutionNode = FALSE
	EndGlobalSection
	GlobalSection(ExtensibilityGlobals) = postSolution
		SolutionGuid = {FB9A5529-5F56-4749-A8C0-6147C2D88146}
	EndGlobalSection
EndGlobal
