
Microsoft Visual Studio Solution File, Format Version 12.00
# Visual Studio Version 17
VisualStudioVersion = 17.4.33403.182
MinimumVisualStudioVersion = 10.0.40219.1
Project("{FAE04EC0-301F-11D3-BF4B-00C04F79EFBC}") = "AppConfig", "AppConfig.csproj", "{448A0EC4-3668-4043-8A10-02A834C8E736}"
EndProject
Global
	GlobalSection(SolutionConfigurationPlatforms) = preSolution
		Debug|Any CPU = Debug|Any CPU
		Release|Any CPU = Release|Any CPU
	EndGlobalSection
	GlobalSection(ProjectConfigurationPlatforms) = postSolution
		{448A0EC4-3668-4043-8A10-02A834C8E736}.Debug|Any CPU.ActiveCfg = Debug|Any CPU
		{448A0EC4-3668-4043-8A10-02A834C8E736}.Debug|Any CPU.Build.0 = Debug|Any CPU
		{448A0EC4-3668-4043-8A10-02A834C8E736}.Release|Any CPU.ActiveCfg = Release|Any CPU
		{448A0EC4-3668-4043-8A10-02A834C8E736}.Release|Any CPU.Build.0 = Release|Any CPU
	EndGlobalSection
	GlobalSection(SolutionProperties) = preSolution
		HideSolutionNode = FALSE
	EndGlobalSection
	GlobalSection(ExtensibilityGlobals) = postSolution
		SolutionGuid = {29A6DEC1-CBB0-4A88-B622-A63CA678F446}
	EndGlobalSection
EndGlobal
