
Microsoft Visual Studio Solution File, Format Version 12.00
# Visual Studio Version 17
VisualStudioVersion = 17.4.33403.182
MinimumVisualStudioVersion = 10.0.40219.1
Project("{FAE04EC0-301F-11D3-BF4B-00C04F79EFBC}") = "RectangleEnumApp", "RectangleEnumApp.csproj", "{AA963796-FC99-4423-97DF-C8AFEA090E7A}"
EndProject
Global
	GlobalSection(SolutionConfigurationPlatforms) = preSolution
		Debug|Any CPU = Debug|Any CPU
		Release|Any CPU = Release|Any CPU
	EndGlobalSection
	GlobalSection(ProjectConfigurationPlatforms) = postSolution
		{AA963796-FC99-4423-97DF-C8AFEA090E7A}.Debug|Any CPU.ActiveCfg = Debug|Any CPU
		{AA963796-FC99-4423-97DF-C8AFEA090E7A}.Debug|Any CPU.Build.0 = Debug|Any CPU
		{AA963796-FC99-4423-97DF-C8AFEA090E7A}.Release|Any CPU.ActiveCfg = Release|Any CPU
		{AA963796-FC99-4423-97DF-C8AFEA090E7A}.Release|Any CPU.Build.0 = Release|Any CPU
	EndGlobalSection
	GlobalSection(SolutionProperties) = preSolution
		HideSolutionNode = FALSE
	EndGlobalSection
	GlobalSection(ExtensibilityGlobals) = postSolution
		SolutionGuid = {005480F7-B3F3-4B36-BA21-FA10089B8BAD}
	EndGlobalSection
EndGlobal
