
Microsoft Visual Studio Solution File, Format Version 12.00
# Visual Studio Version 17
VisualStudioVersion = 17.4.33403.182
MinimumVisualStudioVersion = 10.0.40219.1
Project("{FAE04EC0-301F-11D3-BF4B-00C04F79EFBC}") = "BirdLSPViolationSolution", "BirdLSPViolationSolution.csproj", "{3657A0A9-4382-4DCF-9C6F-3BF621F608EF}"
EndProject
Global
	GlobalSection(SolutionConfigurationPlatforms) = preSolution
		Debug|Any CPU = Debug|Any CPU
		Release|Any CPU = Release|Any CPU
	EndGlobalSection
	GlobalSection(ProjectConfigurationPlatforms) = postSolution
		{3657A0A9-4382-4DCF-9C6F-3BF621F608EF}.Debug|Any CPU.ActiveCfg = Debug|Any CPU
		{3657A0A9-4382-4DCF-9C6F-3BF621F608EF}.Debug|Any CPU.Build.0 = Debug|Any CPU
		{3657A0A9-4382-4DCF-9C6F-3BF621F608EF}.Release|Any CPU.ActiveCfg = Release|Any CPU
		{3657A0A9-4382-4DCF-9C6F-3BF621F608EF}.Release|Any CPU.Build.0 = Release|Any CPU
	EndGlobalSection
	GlobalSection(SolutionProperties) = preSolution
		HideSolutionNode = FALSE
	EndGlobalSection
	GlobalSection(ExtensibilityGlobals) = postSolution
		SolutionGuid = {95D2915C-5E8C-407B-8D50-0AFBE6A2D5E3}
	EndGlobalSection
EndGlobal
