
Microsoft Visual Studio Solution File, Format Version 12.00
# Visual Studio Version 17
VisualStudioVersion = 17.4.33403.182
MinimumVisualStudioVersion = 10.0.40219.1
Project("{9A19103F-16F7-4668-BE54-9A1E7A4F7556}") = "MovieBuisnessLayerLib", "MovieBuisnessLayerLib.csproj", "{98B56E3E-59CE-4F01-9192-168A47F57134}"
EndProject
Project("{FAE04EC0-301F-11D3-BF4B-00C04F79EFBC}") = "MovieConsoleApp", "..\MovieConsoleApp\MovieConsoleApp.csproj", "{164A742F-FEFB-4DE4-8F39-E4EB765FED55}"
EndProject
Global
	GlobalSection(SolutionConfigurationPlatforms) = preSolution
		Debug|Any CPU = Debug|Any CPU
		Release|Any CPU = Release|Any CPU
	EndGlobalSection
	GlobalSection(ProjectConfigurationPlatforms) = postSolution
		{98B56E3E-59CE-4F01-9192-168A47F57134}.Debug|Any CPU.ActiveCfg = Debug|Any CPU
		{98B56E3E-59CE-4F01-9192-168A47F57134}.Debug|Any CPU.Build.0 = Debug|Any CPU
		{98B56E3E-59CE-4F01-9192-168A47F57134}.Release|Any CPU.ActiveCfg = Release|Any CPU
		{98B56E3E-59CE-4F01-9192-168A47F57134}.Release|Any CPU.Build.0 = Release|Any CPU
		{164A742F-FEFB-4DE4-8F39-E4EB765FED55}.Debug|Any CPU.ActiveCfg = Debug|Any CPU
		{164A742F-FEFB-4DE4-8F39-E4EB765FED55}.Debug|Any CPU.Build.0 = Debug|Any CPU
		{164A742F-FEFB-4DE4-8F39-E4EB765FED55}.Release|Any CPU.ActiveCfg = Release|Any CPU
		{164A742F-FEFB-4DE4-8F39-E4EB765FED55}.Release|Any CPU.Build.0 = Release|Any CPU
	EndGlobalSection
	GlobalSection(SolutionProperties) = preSolution
		HideSolutionNode = FALSE
	EndGlobalSection
	GlobalSection(ExtensibilityGlobals) = postSolution
		SolutionGuid = {6C86C5DF-195B-4664-BB1A-5AE4E4B7D880}
	EndGlobalSection
EndGlobal
